// !$*UTF8*$!
{
	archiveVersion = 1;
	classes = {
	};
	objectVersion = 60;
	objects = {

/* Begin PBXBuildFile section */
		2C20AD4C67D948939E21AD00 /* TexturePool.swift in Sources */ = {isa = PBXBuildFile; fileRef = 2C20AD4C67D948939E21AD01 /* TexturePool.swift */; };
		2C20AD4C67D948939E21AD02 /* TexturePoolTests.swift in Sources */ = {isa = PBXBuildFile; fileRef = 2C20AD4C67D948939E21AD03 /* TexturePoolTests.swift */; };
		BD89BCF112404A498A715F01 /* KuwaharaLiveApp.swift in Sources */ = {isa = PBXBuildFile; fileRef = BD89BCF112404A498A715F02 /* KuwaharaLiveApp.swift */; };
		BD89BCF112404A498A715F03 /* ContentView.swift in Sources */ = {isa = PBXBuildFile; fileRef = BD89BCF112404A498A715F04 /* ContentView.swift */; };
		BD89BCF112404A498A715F05 /* CameraManager.swift in Sources */ = {isa = PBXBuildFile; fileRef = BD89BCF112404A498A715F06 /* CameraManager.swift */; };
		BD89BCF112404A498A715F07 /* MetalRenderer.swift in Sources */ = {isa = PBXBuildFile; fileRef = BD89BCF112404A498A715F08 /* MetalRenderer.swift */; };
		BD89BCF112404A498A715F09 /* SRTStreamer.swift in Sources */ = {isa = PBXBuildFile; fileRef = BD89BCF112404A498A715F0A /* SRTStreamer.swift */; };
		BD89BCF112404A498A715F0B /* Shaders.metal in Sources */ = {isa = PBXBuildFile; fileRef = BD89BCF112404A498A715F0C /* Shaders.metal */; };
		BD89BCF112404A498A715F22 /* Assets.xcassets in Resources */ = {isa = PBXBuildFile; fileRef = BD89BCF112404A498A715F21 /* Assets.xcassets */; };
		BD89BCF1AABB00001234FF03 /* SRTHaishinKit in Frameworks */ = {isa = PBXBuildFile; productRef = BD89BCF1AABB00001234FF02 /* SRTHaishinKit */; };
/* End PBXBuildFile section */

/* Begin PBXFileReference section */
		2C20AD4C67D948939E21AD01 /* TexturePool.swift */ = {isa = PBXFileReference; lastKnownFileType = sourcecode.swift; path = TexturePool.swift; sourceTree = "<group>"; };
		2C20AD4C67D948939E21AD03 /* TexturePoolTests.swift */ = {isa = PBXFileReference; lastKnownFileType = sourcecode.swift; path = TexturePoolTests.swift; sourceTree = "<group>"; };
		2C20AD4C67D948939E21AD05 /* KuwaharaLiveTests.xctest */ = {isa = PBXFileReference; explicitFileType = wrapper.cfbundle; includeInIndex = 0; path = KuwaharaLiveTests.xctest; sourceTree = BUILT_PRODUCTS_DIR; };
		BD89BCF112404A498A715F02 /* KuwaharaLiveApp.swift */ = {isa = PBXFileReference; lastKnownFileType = sourcecode.swift; path = KuwaharaLiveApp.swift; sourceTree = "<group>"; };
		BD89BCF112404A498A715F04 /* ContentView.swift */ = {isa = PBXFileReference; lastKnownFileType = sourcecode.swift; path = ContentView.swift; sourceTree = "<group>"; };
		BD89BCF112404A498A715F06 /* CameraManager.swift */ = {isa = PBXFileReference; lastKnownFileType = sourcecode.swift; path = CameraManager.swift; sourceTree = "<group>"; };
		BD89BCF112404A498A715F08 /* MetalRenderer.swift */ = {isa = PBXFileReference; lastKnownFileType = sourcecode.swift; path = MetalRenderer.swift; sourceTree = "<group>"; };
		BD89BCF112404A498A715F0A /* SRTStreamer.swift */ = {isa = PBXFileReference; lastKnownFileType = sourcecode.swift; path = SRTStreamer.swift; sourceTree = "<group>"; };
		BD89BCF112404A498A715F0C /* Shaders.metal */ = {isa = PBXFileReference; lastKnownFileType = sourcecode.metal; path = Shaders.metal; sourceTree = "<group>"; };
		BD89BCF112404A498A715F0E /* Info.plist */ = {isa = PBXFileReference; lastKnownFileType = text.plist.xml; path = Info.plist; sourceTree = "<group>"; };
		BD89BCF112404A498A715F11 /* KuwaharaLive.app */ = {isa = PBXFileReference; explicitFileType = wrapper.application; includeInIndex = 0; path = KuwaharaLive.app; sourceTree = BUILT_PRODUCTS_DIR; };
		BD89BCF112404A498A715F21 /* Assets.xcassets */ = {isa = PBXFileReference; lastKnownFileType = folder.assetcatalog; path = Assets.xcassets; sourceTree = "<group>"; };
/* End PBXFileReference section */

/* Begin PBXFrameworksBuildPhase section */
		BD89BCF112404A498A715F12 /* Frameworks */ = {
			isa = PBXFrameworksBuildPhase;
			buildActionMask = 2147483647;
			files = (
				BD89BCF1AABB00001234FF03 /* SRTHaishinKit in Frameworks */,
			);
			runOnlyForDeploymentPostprocessing = 0;
		};
/* End PBXFrameworksBuildPhase section */

/* Begin PBXGroup section */
		2C20AD4C67D948939E21AD06 /* KuwaharaLiveTests */ = {
			isa = PBXGroup;
			children = (
				2C20AD4C67D948939E21AD03 /* TexturePoolTests.swift */,
			);
			path = KuwaharaLiveTests;
			sourceTree = "<group>";
		};
		BD89BCF112404A498A715F13 = {
			isa = PBXGroup;
			children = (
				BD89BCF112404A498A715F14 /* KuwaharaLive */,
				2C20AD4C67D948939E21AD06 /* KuwaharaLiveTests */,
				BD89BCF112404A498A715F15 /* Products */,
			);
			sourceTree = "<group>";
		};
		BD89BCF112404A498A715F14 /* KuwaharaLive */ = {
			isa = PBXGroup;
			children = (
				BD89BCF112404A498A715F02 /* KuwaharaLiveApp.swift */,
				BD89BCF112404A498A715F04 /* ContentView.swift */,
				BD89BCF112404A498A715F06 /* CameraManager.swift */,
				BD89BCF112404A498A715F08 /* MetalRenderer.swift */,
				2C20AD4C67D948939E21AD01 /* TexturePool.swift */,
				BD89BCF112404A498A715F0A /* SRTStreamer.swift */,
				BD89BCF112404A498A715F0C /* Shaders.metal */,
				BD89BCF112404A498A715F0E /* Info.plist */,
				BD89BCF112404A498A715F21 /* Assets.xcassets */,
			);
			path = KuwaharaLive;
			sourceTree = "<group>";
		};
		BD89BCF112404A498A715F15 /* Products */ = {
			isa = PBXGroup;
			children = (
				BD89BCF112404A498A715F11 /* KuwaharaLive.app */,
				2C20AD4C67D948939E21AD05 /* KuwaharaLiveTests.xctest */,
			);
			name = Products;
			sourceTree = "<group>";
		};
/* End PBXGroup section */

/* Begin PBXNativeTarget section */
		2C20AD4C67D948939E21AD07 /* KuwaharaLiveTests */ = {
			isa = PBXNativeTarget;
			buildConfigurationList = 2C20AD4C67D948939E21AD0B /* Build configuration list for PBXNativeTarget "KuwaharaLiveTests" */;
			buildPhases = (
				2C20AD4C67D948939E21AD08 /* Sources */,
			);
			buildRules = (
			);
			dependencies = (
			);
			name = KuwaharaLiveTests;
			productName = KuwaharaLiveTests;
			productReference = 2C20AD4C67D948939E21AD05 /* KuwaharaLiveTests.xctest */;
			productType = "com.apple.product-type.bundle.unit-test";
		};
		BD89BCF112404A498A715F16 /* KuwaharaLive */ = {
			isa = PBXNativeTarget;
			buildConfigurationList = BD89BCF112404A498A715F17 /* Build configuration list for PBXNativeTarget "KuwaharaLive" */;
			buildPhases = (
				BD89BCF112404A498A715F18 /* Sources */,
				BD89BCF112404A498A715F12 /* Frameworks */,
				BD89BCF112404A498A715F19 /* Resources */,
			);
			buildRules = (
			);
			dependencies = (
			);
			name = KuwaharaLive;
			packageProductDependencies = (
				BD89BCF1AABB00001234FF02 /* SRTHaishinKit */,
			);
			productName = KuwaharaLive;
			productReference = BD89BCF112404A498A715F11 /* KuwaharaLive.app */;
			productType = "com.apple.product-type.application";
		};
/* End PBXNativeTarget section */

/* Begin PBXProject section */
		BD89BCF112404A498A715F1A /* Project object */ = {
			isa = PBXProject;
			attributes = {
				BuildIndependentTargetsInParallel = 1;
				LastSwiftUpdateCheck = 1500;
				LastUpgradeCheck = 1620;
				TargetAttributes = {
					BD89BCF112404A498A715F16 = {
						CreatedOnToolsVersion = 15.0;
					};
				};
			};
			buildConfigurationList = BD89BCF112404A498A715F1B /* Build configuration list for PBXProject "KuwaharaLive" */;
			compatibilityVersion = "Xcode 14.0";
			developmentRegion = en;
			hasScannedForEncodings = 0;
			knownRegions = (
				en,
				Base,
			);
			mainGroup = BD89BCF112404A498A715F13;
			packageReferences = (
				BD89BCF1AABB00001234FF01 /* XCLocalSwiftPackageReference "../HaishinKitLocal" */,
			);
			productRefGroup = BD89BCF112404A498A715F15 /* Products */;
			projectDirPath = "";
			projectRoot = "";
			targets = (
				BD89BCF112404A498A715F16 /* KuwaharaLive */,
				2C20AD4C67D948939E21AD07 /* KuwaharaLiveTests */,
			);
		};
/* End PBXProject section */

/* Begin PBXResourcesBuildPhase section */
		BD89BCF112404A498A715F19 /* Resources */ = {
			isa = PBXResourcesBuildPhase;
			buildActionMask = 2147483647;
			files = (
				BD89BCF112404A498A715F22 /* Assets.xcassets in Resources */,
			);
			runOnlyForDeploymentPostprocessing = 0;
		};
/* End PBXResourcesBuildPhase section */

/* Begin PBXSourcesBuildPhase section */
		2C20AD4C67D948939E21AD08 /* Sources */ = {
			isa = PBXSourcesBuildPhase;
			buildActionMask = 2147483647;
			files = (
				2C20AD4C67D948939E21AD02 /* TexturePoolTests.swift in Sources */,
			);
			runOnlyForDeploymentPostprocessing = 0;
		};
		BD89BCF112404A498A715F18 /* Sources */ = {
			isa = PBXSourcesBuildPhase;
			buildActionMask = 2147483647;
			files = (
				BD89BCF112404A498A715F01 /* KuwaharaLiveApp.swift in Sources */,
				BD89BCF112404A498A715F03 /* ContentView.swift in Sources */,
				BD89BCF112404A498A715F05 /* CameraManager.swift in Sources */,
				BD89BCF112404A498A715F07 /* MetalRenderer.swift in Sources */,
				2C20AD4C67D948939E21AD00 /* TexturePool.swift in Sources */,
				BD89BCF112404A498A715F09 /* SRTStreamer.swift in Sources */,
				BD89BCF112404A498A715F0B /* Shaders.metal in Sources */,
			);
			runOnlyForDeploymentPostprocessing = 0;
		};
/* End PBXSourcesBuildPhase section */

/* Begin XCBuildConfiguration section */
		2C20AD4C67D948939E21AD09 /* Debug */ = {
			isa = XCBuildConfiguration;
			buildSettings = {
				BUNDLE_LOADER = "$(TEST_HOST)";
				CODE_SIGN_STYLE = Automatic;
				CURRENT_PROJECT_VERSION = 1;
				DEVELOPMENT_TEAM = HGQR3CVHL6;
				GENERATE_INFOPLIST_FILE = YES;
				IPHONEOS_DEPLOYMENT_TARGET = 16.0;
				MARKETING_VERSION = 1.0;
				PRODUCT_BUNDLE_IDENTIFIER = com.keithwoody.KuwaharaLiveTests;
				PRODUCT_NAME = "$(TARGET_NAME)";
				SDKROOT = iphoneos;
				SWIFT_VERSION = 5.0;
				TEST_HOST = "$(BUILT_PRODUCTS_DIR)/KuwaharaLive.app/$(BUNDLE_EXECUTABLE_FOLDER_PATH)/KuwaharaLive";
			};
			name = Debug;
		};
		2C20AD4C67D948939E21AD0A /* Release */ = {
			isa = XCBuildConfiguration;
			buildSettings = {
				BUNDLE_LOADER = "$(TEST_HOST)";
				CODE_SIGN_STYLE = Automatic;
				CURRENT_PROJECT_VERSION = 1;
				DEVELOPMENT_TEAM = HGQR3CVHL6;
				GENERATE_INFOPLIST_FILE = YES;
				IPHONEOS_DEPLOYMENT_TARGET = 16.0;
				MARKETING_VERSION = 1.0;
				PRODUCT_BUNDLE_IDENTIFIER = com.keithwoody.KuwaharaLiveTests;
				PRODUCT_NAME = "$(TARGET_NAME)";
				SDKROOT = iphoneos;
				SWIFT_VERSION = 5.0;
				TEST_HOST = "$(BUILT_PRODUCTS_DIR)/KuwaharaLive.app/$(BUNDLE_EXECUTABLE_FOLDER_PATH)/KuwaharaLive";
			};
			name = Release;
		};
		BD89BCF112404A498A715F1D /* Debug */ = {
			isa = XCBuildConfiguration;
			buildSettings = {
				ALWAYS_SEARCH_USER_PATHS = NO;
				ASSETCATALOG_COMPILER_GENERATE_SWIFT_ASSET_SYMBOL_EXTENSIONS = YES;
				CLANG_ANALYZER_NONNULL = YES;
				CLANG_ANALYZER_NUMBER_OBJECT_CONVERSION = YES_AGGRESSIVE;
				CLANG_CXX_LANGUAGE_STANDARD = "gnu++20";
				CLANG_ENABLE_MODULES = YES;
				CLANG_ENABLE_OBJC_ARC = YES;
				CLANG_ENABLE_OBJC_WEAK = YES;
				CLANG_WARN_BLOCK_CAPTURE_AUTORELEASING = YES;
				CLANG_WARN_BOOL_CONVERSION = YES;
				CLANG_WARN_COMMA = YES;
				CLANG_WARN_CONSTANT_CONVERSION = YES;
				CLANG_WARN_DEPRECATED_OBJC_IMPLEMENTATIONS = YES;
				CLANG_WARN_DIRECT_OBJC_ISA_USAGE = YES_ERROR;
				CLANG_WARN_DOCUMENTATION_COMMENTS = YES;
				CLANG_WARN_EMPTY_BODY = YES;
				CLANG_WARN_ENUM_CONVERSION = YES;
				CLANG_WARN_INFINITE_RECURSION = YES;
				CLANG_WARN_INT_CONVERSION = YES;
				CLANG_WARN_NON_LITERAL_NULL_CONVERSION = YES;
				CLANG_WARN_OBJC_IMPLICIT_RETAIN_CYCLE = YES;
				CLANG_WARN_OBJC_IMPLICIT_RETAIN_SELF = YES;
				CLANG_WARN_OBJC_LITERAL_CONVERSION = YES;
				CLANG_WARN_OBJC_ROOT_CLASS = YES_ERROR;
				CLANG_WARN_QUOTED_INCLUDE_IN_FRAMEWORK_HEADER = YES;
				CLANG_WARN_RANGE_LOOP_ANALYSIS = YES;
				CLANG_WARN_STRICT_PROTOTYPES = YES;
				CLANG_WARN_SUSPICIOUS_MOVE = YES;
				CLANG_WARN_UNGUARDED_AVAILABILITY = YES_AGGRESSIVE;
				CLANG_WARN_UNREACHABLE_CODE = YES;
				CLANG_WARN__DUPLICATE_METHOD_MATCH = YES;
				COPY_PHASE_STRIP = NO;
				DEBUG_INFORMATION_FORMAT = dwarf;
				ENABLE_STRICT_OBJC_MSGSEND = YES;
				ENABLE_TESTABILITY = YES;
				ENABLE_USER_SCRIPT_SANDBOXING = YES;
				GCC_C_LANGUAGE_STANDARD = gnu17;
				GCC_DYNAMIC_NO_PIC = NO;
				GCC_NO_COMMON_BLOCKS = YES;
				GCC_OPTIMIZATION_LEVEL = 0;
				GCC_PREPROCESSOR_DEFINITIONS = (
					"DEBUG=1",
					"$(inherited)",
				);
				GCC_WARN_64_TO_32_BIT_CONVERSION = YES;
				GCC_WARN_ABOUT_RETURN_TYPE = YES_ERROR;
				GCC_WARN_UNDECLARED_SELECTOR = YES;
				GCC_WARN_UNINITIALIZED_AUTOS = YES_AGGRESSIVE;
				GCC_WARN_UNUSED_FUNCTION = YES;
				GCC_WARN_UNUSED_VARIABLE = YES;
				IPHONEOS_DEPLOYMENT_TARGET = 16.0;
				MTL_ENABLE_DEBUG_INFO = INCLUDE_SOURCE;
				MTL_FAST_MATH = YES;
				ONLY_ACTIVE_ARCH = YES;
				SDKROOT = iphoneos;
				SWIFT_ACTIVE_COMPILATION_CONDITIONS = "DEBUG $(inherited)";
				SWIFT_OPTIMIZATION_LEVEL = "-Onone";
			};
			name = Debug;
		};
		BD89BCF112404A498A715F1E /* Release */ = {
			isa = XCBuildConfiguration;
			buildSettings = {
				ALWAYS_SEARCH_USER_PATHS = NO;
				ASSETCATALOG_COMPILER_GENERATE_SWIFT_ASSET_SYMBOL_EXTENSIONS = YES;
				CLANG_ANALYZER_NONNULL = YES;
				CLANG_ANALYZER_NUMBER_OBJECT_CONVERSION = YES_AGGRESSIVE;
				CLANG_CXX_LANGUAGE_STANDARD = "gnu++20";
				CLANG_ENABLE_MODULES = YES;
				CLANG_ENABLE_OBJC_ARC = YES;
				CLANG_ENABLE_OBJC_WEAK = YES;
				CLANG_WARN_BLOCK_CAPTURE_AUTORELEASING = YES;
				CLANG_WARN_BOOL_CONVERSION = YES;
				CLANG_WARN_COMMA = YES;
				CLANG_WARN_CONSTANT_CONVERSION = YES;
				CLANG_WARN_DEPRECATED_OBJC_IMPLEMENTATIONS = YES;
				CLANG_WARN_DIRECT_OBJC_ISA_USAGE = YES_ERROR;
				CLANG_WARN_DOCUMENTATION_COMMENTS = YES;
				CLANG_WARN_EMPTY_BODY = YES;
				CLANG_WARN_ENUM_CONVERSION = YES;
				CLANG_WARN_INFINITE_RECURSION = YES;
				CLANG_WARN_INT_CONVERSION = YES;
				CLANG_WARN_NON_LITERAL_NULL_CONVERSION = YES;
				CLANG_WARN_OBJC_IMPLICIT_RETAIN_CYCLE = YES;
				CLANG_WARN_OBJC_IMPLICIT_RETAIN_SELF = YES;
				CLANG_WARN_OBJC_LITERAL_CONVERSION = YES;
				CLANG_WARN_OBJC_ROOT_CLASS = YES_ERROR;
				CLANG_WARN_QUOTED_INCLUDE_IN_FRAMEWORK_HEADER = YES;
				CLANG_WARN_RANGE_LOOP_ANALYSIS = YES;
				CLANG_WARN_STRICT_PROTOTYPES = YES;
				CLANG_WARN_SUSPICIOUS_MOVE = YES;
				CLANG_WARN_UNGUARDED_AVAILABILITY = YES_AGGRESSIVE;
				CLANG_WARN_UNREACHABLE_CODE = YES;
				CLANG_WARN__DUPLICATE_METHOD_MATCH = YES;
				COPY_PHASE_STRIP = NO;
				DEBUG_INFORMATION_FORMAT = "dwarf-with-dsym";
				ENABLE_NS_ASSERTIONS = NO;
				ENABLE_STRICT_OBJC_MSGSEND = YES;
				ENABLE_USER_SCRIPT_SANDBOXING = YES;
				GCC_C_LANGUAGE_STANDARD = gnu17;
				GCC_NO_COMMON_BLOCKS = YES;
				GCC_WARN_64_TO_32_BIT_CONVERSION = YES;
				GCC_WARN_ABOUT_RETURN_TYPE = YES_ERROR;
				GCC_WARN_UNDECLARED_SELECTOR = YES;
				GCC_WARN_UNINITIALIZED_AUTOS = YES_AGGRESSIVE;
				GCC_WARN_UNUSED_FUNCTION = YES;
				GCC_WARN_UNUSED_VARIABLE = YES;
				IPHONEOS_DEPLOYMENT_TARGET = 16.0;
				MTL_FAST_MATH = YES;
				SDKROOT = iphoneos;
				SWIFT_COMPILATION_MODE = wholemodule;
			};
			name = Release;
		};
		BD89BCF112404A498A715F1F /* Debug */ = {
			isa = XCBuildConfiguration;
			buildSettings = {
				ASSETCATALOG_COMPILER_APPICON_NAME = AppIcon;
				ASSETCATALOG_COMPILER_GLOBAL_ACCENT_COLOR_NAME = AccentColor;
				CODE_SIGN_STYLE = Automatic;
				CURRENT_PROJECT_VERSION = 1;
				DEVELOPMENT_TEAM = HGQR3CVHL6;
				GENERATE_INFOPLIST_FILE = NO;
				INFOPLIST_FILE = KuwaharaLive/Info.plist;
				INFOPLIST_KEY_LSApplicationCategoryType = "public.app-category.entertainment";
				IPHONEOS_DEPLOYMENT_TARGET = 16.0;
				LD_RUNPATH_SEARCH_PATHS = (
					"$(inherited)",
					"@executable_path/Frameworks",
				);
				MARKETING_VERSION = 1.0;
				PRODUCT_BUNDLE_IDENTIFIER = com.keithwoody.KuwaharaLive;
				PRODUCT_NAME = "$(TARGET_NAME)";
				SUPPORTED_PLATFORMS = iphoneos;
				SUPPORTS_MACCATALYST = NO;
				SWIFT_EMIT_LOC_STRINGS = YES;
				SWIFT_VERSION = 5.0;
				TARGETED_DEVICE_FAMILY = 1;
			};
			name = Debug;
		};
		BD89BCF112404A498A715F20 /* Release */ = {
			isa = XCBuildConfiguration;
			buildSettings = {
				ASSETCATALOG_COMPILER_APPICON_NAME = AppIcon;
				ASSETCATALOG_COMPILER_GLOBAL_ACCENT_COLOR_NAME = AccentColor;
				CODE_SIGN_STYLE = Automatic;
				CURRENT_PROJECT_VERSION = 1;
				DEVELOPMENT_TEAM = HGQR3CVHL6;
				GENERATE_INFOPLIST_FILE = NO;
				INFOPLIST_FILE = KuwaharaLive/Info.plist;
				INFOPLIST_KEY_LSApplicationCategoryType = "public.app-category.entertainment";
				IPHONEOS_DEPLOYMENT_TARGET = 16.0;
				LD_RUNPATH_SEARCH_PATHS = (
					"$(inherited)",
					"@executable_path/Frameworks",
				);
				MARKETING_VERSION = 1.0;
				PRODUCT_BUNDLE_IDENTIFIER = com.keithwoody.KuwaharaLive;
				PRODUCT_NAME = "$(TARGET_NAME)";
				SUPPORTED_PLATFORMS = iphoneos;
				SUPPORTS_MACCATALYST = NO;
				SWIFT_EMIT_LOC_STRINGS = YES;
				SWIFT_VERSION = 5.0;
				TARGETED_DEVICE_FAMILY = 1;
			};
			name = Release;
		};
/* End XCBuildConfiguration section */

/* Begin XCConfigurationList section */
		2C20AD4C67D948939E21AD0B /* Build configuration list for PBXNativeTarget "KuwaharaLiveTests" */ = {
			isa = XCConfigurationList;
			buildConfigurations = (
				2C20AD4C67D948939E21AD09 /* Debug */,
				2C20AD4C67D948939E21AD0A /* Release */,
			);
			defaultConfigurationIsVisible = 0;
			defaultConfigurationName = Release;
		};
		BD89BCF112404A498A715F17 /* Build configuration list for PBXNativeTarget "KuwaharaLive" */ = {
			isa = XCConfigurationList;
			buildConfigurations = (
				BD89BCF112404A498A715F1F /* Debug */,
				BD89BCF112404A498A715F20 /* Release */,
			);
			defaultConfigurationIsVisible = 0;
			defaultConfigurationName = Release;
		};
		BD89BCF112404A498A715F1B /* Build configuration list for PBXProject "KuwaharaLive" */ = {
			isa = XCConfigurationList;
			buildConfigurations = (
				BD89BCF112404A498A715F1D /* Debug */,
				BD89BCF112404A498A715F1E /* Release */,
			);
			defaultConfigurationIsVisible = 0;
			defaultConfigurationName = Release;
		};
/* End XCConfigurationList section */

/* Begin XCLocalSwiftPackageReference section */
		BD89BCF1AABB00001234FF01 /* XCLocalSwiftPackageReference "../HaishinKitLocal" */ = {
			isa = XCLocalSwiftPackageReference;
			relativePath = ../HaishinKitLocal;
		};
/* End XCLocalSwiftPackageReference section */

/* Begin XCSwiftPackageProductDependency section */
		BD89BCF1AABB00001234FF02 /* SRTHaishinKit */ = {
			isa = XCSwiftPackageProductDependency;
			package = BD89BCF1AABB00001234FF01 /* XCLocalSwiftPackageReference "../HaishinKitLocal" */;
			productName = SRTHaishinKit;
		};
/* End XCSwiftPackageProductDependency section */
	};
	rootObject = BD89BCF112404A498A715F1A /* Project object */;
}
